
Microsoft Visual Studio Solution File, Format Version 12.00
# Visual Studio Version 17
VisualStudioVersion = 17.7.34024.191
MinimumVisualStudioVersion = 10.0.40219.1
Project("{FAE04EC0-301F-11D3-BF4B-00C04F79EFBC}") = "SOAP+WSDL", "SOAP+WSDL\SOAP+WSDL.csproj", "{8308517E-09FE-4E77-B4C4-2E64B167B578}"
EndProject
Global
	GlobalSection(SolutionConfigurationPlatforms) = preSolution
		Debug|Any CPU = Debug|Any CPU
		Release|Any CPU = Release|Any CPU
	EndGlobalSection
	GlobalSection(ProjectConfigurationPlatforms) = postSolution
		{8308517E-09FE-4E77-B4C4-2E64B167B578}.Debug|Any CPU.ActiveCfg = Debug|Any CPU
		{8308517E-09FE-4E77-B4C4-2E64B167B578}.Debug|Any CPU.Build.0 = Debug|Any CPU
		{8308517E-09FE-4E77-B4C4-2E64B167B578}.Release|Any CPU.ActiveCfg = Release|Any CPU
		{8308517E-09FE-4E77-B4C4-2E64B167B578}.Release|Any CPU.Build.0 = Release|Any CPU
	EndGlobalSection
	GlobalSection(SolutionProperties) = preSolution
		HideSolutionNode = FALSE
	EndGlobalSection
	GlobalSection(ExtensibilityGlobals) = postSolution
		SolutionGuid = {378C5B1A-6CE5-4E31-A237-1C5FAB61616B}
	EndGlobalSection
EndGlobal
